
Microsoft Visual Studio Solution File, Format Version 12.00
# Visual Studio Version 17
VisualStudioVersion = 17.9.34616.47
MinimumVisualStudioVersion = 10.0.40219.1
Project("{9A19103F-16F7-4668-BE54-9A1E7A4F7556}") = "Silicon_WebAppG", "Silicon_WebAppG\Silicon_WebAppG.csproj", "{CE51609D-AD55-4794-82C7-F7D40A559056}"
EndProject
Project("{FAE04EC0-301F-11D3-BF4B-00C04F79EFBC}") = "Infrastructure", "Infrastructure\Infrastructure.csproj", "{02517299-3DB8-42A2-B2BF-3F0400F51B4B}"
EndProject
Global
	GlobalSection(SolutionConfigurationPlatforms) = preSolution
		Debug|Any CPU = Debug|Any CPU
		Release|Any CPU = Release|Any CPU
	EndGlobalSection
	GlobalSection(ProjectConfigurationPlatforms) = postSolution
		{CE51609D-AD55-4794-82C7-F7D40A559056}.Debug|Any CPU.ActiveCfg = Debug|Any CPU
		{CE51609D-AD55-4794-82C7-F7D40A559056}.Debug|Any CPU.Build.0 = Debug|Any CPU
		{CE51609D-AD55-4794-82C7-F7D40A559056}.Release|Any CPU.ActiveCfg = Release|Any CPU
		{CE51609D-AD55-4794-82C7-F7D40A559056}.Release|Any CPU.Build.0 = Release|Any CPU
		{02517299-3DB8-42A2-B2BF-3F0400F51B4B}.Debug|Any CPU.ActiveCfg = Debug|Any CPU
		{02517299-3DB8-42A2-B2BF-3F0400F51B4B}.Debug|Any CPU.Build.0 = Debug|Any CPU
		{02517299-3DB8-42A2-B2BF-3F0400F51B4B}.Release|Any CPU.ActiveCfg = Release|Any CPU
		{02517299-3DB8-42A2-B2BF-3F0400F51B4B}.Release|Any CPU.Build.0 = Release|Any CPU
	EndGlobalSection
	GlobalSection(SolutionProperties) = preSolution
		HideSolutionNode = FALSE
	EndGlobalSection
	GlobalSection(ExtensibilityGlobals) = postSolution
		SolutionGuid = {46E517E8-8900-4727-A463-03E917DA570C}
	EndGlobalSection
EndGlobal
